
Microsoft Visual Studio Solution File, Format Version 12.00
# Visual Studio 2015
Project("{FAE04EC0-301F-11D3-BF4B-00C04F79EFBC}") = "AI tutorial.CSharp", "AI tutorial.CSharp.csproj", "{0E6E4DE7-A4FB-1A79-FCF6-D2AC90DAF384}"
EndProject
Global
	GlobalSection(SolutionConfigurationPlatforms) = preSolution
		Debug|Any CPU = Debug|Any CPU
		Release|Any CPU = Release|Any CPU
	EndGlobalSection
	GlobalSection(ProjectConfigurationPlatforms) = postSolution
		{0E6E4DE7-A4FB-1A79-FCF6-D2AC90DAF384}.Debug|Any CPU.ActiveCfg = Debug|Any CPU
		{0E6E4DE7-A4FB-1A79-FCF6-D2AC90DAF384}.Debug|Any CPU.Build.0 = Debug|Any CPU
		{0E6E4DE7-A4FB-1A79-FCF6-D2AC90DAF384}.Release|Any CPU.ActiveCfg = Release|Any CPU
		{0E6E4DE7-A4FB-1A79-FCF6-D2AC90DAF384}.Release|Any CPU.Build.0 = Release|Any CPU
	EndGlobalSection
	GlobalSection(SolutionProperties) = preSolution
		HideSolutionNode = FALSE
	EndGlobalSection
EndGlobal
